
Microsoft Visual Studio Solution File, Format Version 12.00
# Visual Studio Version 18
VisualStudioVersion = 18.0.11222.15
MinimumVisualStudioVersion = 10.0.40219.1
Project("{E53339B2-1760-4266-BCC7-CA923CBCF16C}") = "docker-compose", "docker-compose.dcproj", "{81DDED9D-158B-E303-5F62-77A2896D2A5A}"
EndProject
Project("{2150E333-8FDC-42A3-9474-1A3956D46DE8}") = "tests", "tests", "{2C13EE53-2481-48C2-8E11-6E00E9AFAA7D}"
EndProject
Project("{2150E333-8FDC-42A3-9474-1A3956D46DE8}") = "src", "src", "{F135C07F-5F97-4864-9ED6-3FED7BECE9DA}"
EndProject
Project("{FAE04EC0-301F-11D3-BF4B-00C04F79EFBC}") = "AuthService.Api", "src\AuthService.Api\AuthService.Api.csproj", "{51C45D9C-8B31-7386-33A0-8FB8E23F2A44}"
EndProject
Project("{FAE04EC0-301F-11D3-BF4B-00C04F79EFBC}") = "AuthService.Application", "src\AuthService.Application\AuthService.Application.csproj", "{6E716F4F-DFB5-FF20-6144-80DCAF7C2ED6}"
EndProject
Project("{FAE04EC0-301F-11D3-BF4B-00C04F79EFBC}") = "AuthService.Domain", "src\AuthService.Domain\AuthService.Domain.csproj", "{419BFC7A-BA7E-CB53-4432-AA57457DC6AA}"
EndProject
Project("{FAE04EC0-301F-11D3-BF4B-00C04F79EFBC}") = "AuthService.Infrastructure", "src\AuthService.Infrastructure\AuthService.Infrastructure.csproj", "{E14B82E3-F6AD-3A9A-1EFD-D0092AA7FFA4}"
EndProject
Project("{FAE04EC0-301F-11D3-BF4B-00C04F79EFBC}") = "AuthService.Infrastructure.UnitTests", "tests\AuthService.Infrastructure.UnitTests\AuthService.Infrastructure.UnitTests.csproj", "{BF90B3F7-D488-FED9-8ED3-8E05D8481004}"
EndProject
Global
	GlobalSection(SolutionConfigurationPlatforms) = preSolution
		Debug|Any CPU = Debug|Any CPU
		Release|Any CPU = Release|Any CPU
	EndGlobalSection
	GlobalSection(ProjectConfigurationPlatforms) = postSolution
		{81DDED9D-158B-E303-5F62-77A2896D2A5A}.Debug|Any CPU.ActiveCfg = Debug|Any CPU
		{81DDED9D-158B-E303-5F62-77A2896D2A5A}.Debug|Any CPU.Build.0 = Debug|Any CPU
		{81DDED9D-158B-E303-5F62-77A2896D2A5A}.Release|Any CPU.ActiveCfg = Release|Any CPU
		{81DDED9D-158B-E303-5F62-77A2896D2A5A}.Release|Any CPU.Build.0 = Release|Any CPU
		{51C45D9C-8B31-7386-33A0-8FB8E23F2A44}.Debug|Any CPU.ActiveCfg = Debug|Any CPU
		{51C45D9C-8B31-7386-33A0-8FB8E23F2A44}.Debug|Any CPU.Build.0 = Debug|Any CPU
		{51C45D9C-8B31-7386-33A0-8FB8E23F2A44}.Release|Any CPU.ActiveCfg = Release|Any CPU
		{51C45D9C-8B31-7386-33A0-8FB8E23F2A44}.Release|Any CPU.Build.0 = Release|Any CPU
		{6E716F4F-DFB5-FF20-6144-80DCAF7C2ED6}.Debug|Any CPU.ActiveCfg = Debug|Any CPU
		{6E716F4F-DFB5-FF20-6144-80DCAF7C2ED6}.Debug|Any CPU.Build.0 = Debug|Any CPU
		{6E716F4F-DFB5-FF20-6144-80DCAF7C2ED6}.Release|Any CPU.ActiveCfg = Release|Any CPU
		{6E716F4F-DFB5-FF20-6144-80DCAF7C2ED6}.Release|Any CPU.Build.0 = Release|Any CPU
		{419BFC7A-BA7E-CB53-4432-AA57457DC6AA}.Debug|Any CPU.ActiveCfg = Debug|Any CPU
		{419BFC7A-BA7E-CB53-4432-AA57457DC6AA}.Debug|Any CPU.Build.0 = Debug|Any CPU
		{419BFC7A-BA7E-CB53-4432-AA57457DC6AA}.Release|Any CPU.ActiveCfg = Release|Any CPU
		{419BFC7A-BA7E-CB53-4432-AA57457DC6AA}.Release|Any CPU.Build.0 = Release|Any CPU
		{E14B82E3-F6AD-3A9A-1EFD-D0092AA7FFA4}.Debug|Any CPU.ActiveCfg = Debug|Any CPU
		{E14B82E3-F6AD-3A9A-1EFD-D0092AA7FFA4}.Debug|Any CPU.Build.0 = Debug|Any CPU
		{E14B82E3-F6AD-3A9A-1EFD-D0092AA7FFA4}.Release|Any CPU.ActiveCfg = Release|Any CPU
		{E14B82E3-F6AD-3A9A-1EFD-D0092AA7FFA4}.Release|Any CPU.Build.0 = Release|Any CPU
		{BF90B3F7-D488-FED9-8ED3-8E05D8481004}.Debug|Any CPU.ActiveCfg = Debug|Any CPU
		{BF90B3F7-D488-FED9-8ED3-8E05D8481004}.Debug|Any CPU.Build.0 = Debug|Any CPU
		{BF90B3F7-D488-FED9-8ED3-8E05D8481004}.Release|Any CPU.ActiveCfg = Release|Any CPU
		{BF90B3F7-D488-FED9-8ED3-8E05D8481004}.Release|Any CPU.Build.0 = Release|Any CPU
	EndGlobalSection
	GlobalSection(SolutionProperties) = preSolution
		HideSolutionNode = FALSE
	EndGlobalSection
	GlobalSection(NestedProjects) = preSolution
		{51C45D9C-8B31-7386-33A0-8FB8E23F2A44} = {F135C07F-5F97-4864-9ED6-3FED7BECE9DA}
		{6E716F4F-DFB5-FF20-6144-80DCAF7C2ED6} = {F135C07F-5F97-4864-9ED6-3FED7BECE9DA}
		{419BFC7A-BA7E-CB53-4432-AA57457DC6AA} = {F135C07F-5F97-4864-9ED6-3FED7BECE9DA}
		{E14B82E3-F6AD-3A9A-1EFD-D0092AA7FFA4} = {F135C07F-5F97-4864-9ED6-3FED7BECE9DA}
		{BF90B3F7-D488-FED9-8ED3-8E05D8481004} = {2C13EE53-2481-48C2-8E11-6E00E9AFAA7D}
	EndGlobalSection
	GlobalSection(ExtensibilityGlobals) = postSolution
		SolutionGuid = {DF755F5E-ED4E-48F7-87DD-905CC9AC36AB}
	EndGlobalSection
EndGlobal
