
Microsoft Visual Studio Solution File, Format Version 12.00
# Visual Studio Version 17
VisualStudioVersion = 17.14.36301.6
MinimumVisualStudioVersion = 10.0.40219.1
Project("{FAE04EC0-301F-11D3-BF4B-00C04F79EFBC}") = "AuthService.Application", "AuthService.Application\AuthService.Application.csproj", "{6B8A5FB8-6A67-49DC-B401-235B4417054C}"
EndProject
Project("{FAE04EC0-301F-11D3-BF4B-00C04F79EFBC}") = "AuthService.Domain", "AuthService.Domain\AuthService.Domain.csproj", "{B18AAFF7-AF32-4BFE-97B4-6AD573F93596}"
EndProject
Project("{FAE04EC0-301F-11D3-BF4B-00C04F79EFBC}") = "AuthService.Infrastructure", "AuthService.Infrastructure\AuthService.Infrastructure.csproj", "{762E4AC5-99F5-4F9A-A1B5-9440D5EA9DA9}"
EndProject
Project("{E53339B2-1760-4266-BCC7-CA923CBCF16C}") = "docker-compose", "docker-compose.dcproj", "{81DDED9D-158B-E303-5F62-77A2896D2A5A}"
EndProject
Project("{FAE04EC0-301F-11D3-BF4B-00C04F79EFBC}") = "AuthService.Api", "AuthService.Api\AuthService.Api.csproj", "{0D662E8A-431D-753E-CE2D-5CED3050ED5F}"
EndProject
Global
	GlobalSection(SolutionConfigurationPlatforms) = preSolution
		Debug|Any CPU = Debug|Any CPU
		Release|Any CPU = Release|Any CPU
	EndGlobalSection
	GlobalSection(ProjectConfigurationPlatforms) = postSolution
		{6B8A5FB8-6A67-49DC-B401-235B4417054C}.Debug|Any CPU.ActiveCfg = Debug|Any CPU
		{6B8A5FB8-6A67-49DC-B401-235B4417054C}.Debug|Any CPU.Build.0 = Debug|Any CPU
		{6B8A5FB8-6A67-49DC-B401-235B4417054C}.Release|Any CPU.ActiveCfg = Release|Any CPU
		{6B8A5FB8-6A67-49DC-B401-235B4417054C}.Release|Any CPU.Build.0 = Release|Any CPU
		{B18AAFF7-AF32-4BFE-97B4-6AD573F93596}.Debug|Any CPU.ActiveCfg = Debug|Any CPU
		{B18AAFF7-AF32-4BFE-97B4-6AD573F93596}.Debug|Any CPU.Build.0 = Debug|Any CPU
		{B18AAFF7-AF32-4BFE-97B4-6AD573F93596}.Release|Any CPU.ActiveCfg = Release|Any CPU
		{B18AAFF7-AF32-4BFE-97B4-6AD573F93596}.Release|Any CPU.Build.0 = Release|Any CPU
		{762E4AC5-99F5-4F9A-A1B5-9440D5EA9DA9}.Debug|Any CPU.ActiveCfg = Debug|Any CPU
		{762E4AC5-99F5-4F9A-A1B5-9440D5EA9DA9}.Debug|Any CPU.Build.0 = Debug|Any CPU
		{762E4AC5-99F5-4F9A-A1B5-9440D5EA9DA9}.Release|Any CPU.ActiveCfg = Release|Any CPU
		{762E4AC5-99F5-4F9A-A1B5-9440D5EA9DA9}.Release|Any CPU.Build.0 = Release|Any CPU
		{81DDED9D-158B-E303-5F62-77A2896D2A5A}.Debug|Any CPU.ActiveCfg = Debug|Any CPU
		{81DDED9D-158B-E303-5F62-77A2896D2A5A}.Debug|Any CPU.Build.0 = Debug|Any CPU
		{81DDED9D-158B-E303-5F62-77A2896D2A5A}.Release|Any CPU.ActiveCfg = Release|Any CPU
		{81DDED9D-158B-E303-5F62-77A2896D2A5A}.Release|Any CPU.Build.0 = Release|Any CPU
		{0D662E8A-431D-753E-CE2D-5CED3050ED5F}.Debug|Any CPU.ActiveCfg = Debug|Any CPU
		{0D662E8A-431D-753E-CE2D-5CED3050ED5F}.Debug|Any CPU.Build.0 = Debug|Any CPU
		{0D662E8A-431D-753E-CE2D-5CED3050ED5F}.Release|Any CPU.ActiveCfg = Release|Any CPU
		{0D662E8A-431D-753E-CE2D-5CED3050ED5F}.Release|Any CPU.Build.0 = Release|Any CPU
	EndGlobalSection
	GlobalSection(SolutionProperties) = preSolution
		HideSolutionNode = FALSE
	EndGlobalSection
	GlobalSection(ExtensibilityGlobals) = postSolution
		SolutionGuid = {DF755F5E-ED4E-48F7-87DD-905CC9AC36AB}
	EndGlobalSection
EndGlobal
